
Microsoft Visual Studio Solution File, Format Version 12.00
# Visual Studio Version 17
VisualStudioVersion = 17.13.35818.85
MinimumVisualStudioVersion = 10.0.40219.1
Project("{54A90642-561A-4BB1-A94E-469ADEE60C69}") = "tasktrackerapp.client", "tasktrackerapp.client\tasktrackerapp.client.esproj", "{F7028159-8EE3-B3B9-F299-52C5E26497D9}"
EndProject
Project("{FAE04EC0-301F-11D3-BF4B-00C04F79EFBC}") = "TaskTrackerApp.Server", "TaskTrackerApp.Server\TaskTrackerApp.Server.csproj", "{02DC0E0A-E352-46A1-99BA-E1C2694FD814}"
EndProject
Project("{FAE04EC0-301F-11D3-BF4B-00C04F79EFBC}") = "TaskTrackerTest", "TaskTrackerTest\TaskTrackerTest.csproj", "{5A61861B-4F3D-4DED-A8C3-487E2BA2CEDA}"
EndProject
Global
	GlobalSection(SolutionConfigurationPlatforms) = preSolution
		Debug|Any CPU = Debug|Any CPU
		Release|Any CPU = Release|Any CPU
	EndGlobalSection
	GlobalSection(ProjectConfigurationPlatforms) = postSolution
		{F7028159-8EE3-B3B9-F299-52C5E26497D9}.Debug|Any CPU.ActiveCfg = Debug|Any CPU
		{F7028159-8EE3-B3B9-F299-52C5E26497D9}.Debug|Any CPU.Build.0 = Debug|Any CPU
		{F7028159-8EE3-B3B9-F299-52C5E26497D9}.Debug|Any CPU.Deploy.0 = Debug|Any CPU
		{F7028159-8EE3-B3B9-F299-52C5E26497D9}.Release|Any CPU.ActiveCfg = Release|Any CPU
		{F7028159-8EE3-B3B9-F299-52C5E26497D9}.Release|Any CPU.Build.0 = Release|Any CPU
		{F7028159-8EE3-B3B9-F299-52C5E26497D9}.Release|Any CPU.Deploy.0 = Release|Any CPU
		{02DC0E0A-E352-46A1-99BA-E1C2694FD814}.Debug|Any CPU.ActiveCfg = Debug|Any CPU
		{02DC0E0A-E352-46A1-99BA-E1C2694FD814}.Debug|Any CPU.Build.0 = Debug|Any CPU
		{02DC0E0A-E352-46A1-99BA-E1C2694FD814}.Release|Any CPU.ActiveCfg = Release|Any CPU
		{02DC0E0A-E352-46A1-99BA-E1C2694FD814}.Release|Any CPU.Build.0 = Release|Any CPU
		{5A61861B-4F3D-4DED-A8C3-487E2BA2CEDA}.Debug|Any CPU.ActiveCfg = Debug|Any CPU
		{5A61861B-4F3D-4DED-A8C3-487E2BA2CEDA}.Debug|Any CPU.Build.0 = Debug|Any CPU
		{5A61861B-4F3D-4DED-A8C3-487E2BA2CEDA}.Release|Any CPU.ActiveCfg = Release|Any CPU
		{5A61861B-4F3D-4DED-A8C3-487E2BA2CEDA}.Release|Any CPU.Build.0 = Release|Any CPU
	EndGlobalSection
	GlobalSection(SolutionProperties) = preSolution
		HideSolutionNode = FALSE
	EndGlobalSection
	GlobalSection(ExtensibilityGlobals) = postSolution
		SolutionGuid = {CFE494BD-1D2E-4B80-A0AD-02F43635E7BD}
	EndGlobalSection
EndGlobal
